
Microsoft Visual Studio Solution File, Format Version 12.00
# Visual Studio Version 17
VisualStudioVersion = 17.14.36121.58 d17.14
MinimumVisualStudioVersion = 10.0.40219.1
Project("{FAE04EC0-301F-11D3-BF4B-00C04F79EFBC}") = "PustokApp", "PustokApp.csproj", "{84AA16CF-2EEB-4E74-9152-CE8B07AC2686}"
EndProject
Global
	GlobalSection(SolutionConfigurationPlatforms) = preSolution
		Debug|Any CPU = Debug|Any CPU
		Release|Any CPU = Release|Any CPU
	EndGlobalSection
	GlobalSection(ProjectConfigurationPlatforms) = postSolution
		{84AA16CF-2EEB-4E74-9152-CE8B07AC2686}.Debug|Any CPU.ActiveCfg = Debug|Any CPU
		{84AA16CF-2EEB-4E74-9152-CE8B07AC2686}.Debug|Any CPU.Build.0 = Debug|Any CPU
		{84AA16CF-2EEB-4E74-9152-CE8B07AC2686}.Release|Any CPU.ActiveCfg = Release|Any CPU
		{84AA16CF-2EEB-4E74-9152-CE8B07AC2686}.Release|Any CPU.Build.0 = Release|Any CPU
	EndGlobalSection
	GlobalSection(SolutionProperties) = preSolution
		HideSolutionNode = FALSE
	EndGlobalSection
	GlobalSection(ExtensibilityGlobals) = postSolution
		SolutionGuid = {1FBE20C9-7234-4BFD-B767-470C5EC568E5}
	EndGlobalSection
EndGlobal
